
Microsoft Visual Studio Solution File, Format Version 12.00
# Visual Studio Version 17
VisualStudioVersion = 17.10.34916.146
MinimumVisualStudioVersion = 10.0.40219.1
Project("{FAE04EC0-301F-11D3-BF4B-00C04F79EFBC}") = "Models", "Models\Models.csproj", "{CF9A851C-4350-4CBD-A05A-F9D71ECD0729}"
EndProject
Project("{FAE04EC0-301F-11D3-BF4B-00C04F79EFBC}") = "Managment", "Managment\Managment.csproj", "{4E708225-10BA-4E15-AF81-2A241E3E6A25}"
EndProject
Project("{FAE04EC0-301F-11D3-BF4B-00C04F79EFBC}") = "UI", "UI\UI.csproj", "{C34D4DEB-0AAA-4F48-B46B-36447562F62F}"
EndProject
Global
	GlobalSection(SolutionConfigurationPlatforms) = preSolution
		Debug|Any CPU = Debug|Any CPU
		Release|Any CPU = Release|Any CPU
	EndGlobalSection
	GlobalSection(ProjectConfigurationPlatforms) = postSolution
		{CF9A851C-4350-4CBD-A05A-F9D71ECD0729}.Debug|Any CPU.ActiveCfg = Debug|Any CPU
		{CF9A851C-4350-4CBD-A05A-F9D71ECD0729}.Debug|Any CPU.Build.0 = Debug|Any CPU
		{CF9A851C-4350-4CBD-A05A-F9D71ECD0729}.Release|Any CPU.ActiveCfg = Release|Any CPU
		{CF9A851C-4350-4CBD-A05A-F9D71ECD0729}.Release|Any CPU.Build.0 = Release|Any CPU
		{4E708225-10BA-4E15-AF81-2A241E3E6A25}.Debug|Any CPU.ActiveCfg = Debug|Any CPU
		{4E708225-10BA-4E15-AF81-2A241E3E6A25}.Debug|Any CPU.Build.0 = Debug|Any CPU
		{4E708225-10BA-4E15-AF81-2A241E3E6A25}.Release|Any CPU.ActiveCfg = Release|Any CPU
		{4E708225-10BA-4E15-AF81-2A241E3E6A25}.Release|Any CPU.Build.0 = Release|Any CPU
		{C34D4DEB-0AAA-4F48-B46B-36447562F62F}.Debug|Any CPU.ActiveCfg = Debug|Any CPU
		{C34D4DEB-0AAA-4F48-B46B-36447562F62F}.Debug|Any CPU.Build.0 = Debug|Any CPU
		{C34D4DEB-0AAA-4F48-B46B-36447562F62F}.Release|Any CPU.ActiveCfg = Release|Any CPU
		{C34D4DEB-0AAA-4F48-B46B-36447562F62F}.Release|Any CPU.Build.0 = Release|Any CPU
	EndGlobalSection
	GlobalSection(SolutionProperties) = preSolution
		HideSolutionNode = FALSE
	EndGlobalSection
	GlobalSection(ExtensibilityGlobals) = postSolution
		SolutionGuid = {00B42D82-21ED-41FE-9910-B706741A7826}
	EndGlobalSection
EndGlobal
